
Microsoft Visual Studio Solution File, Format Version 12.00
# Visual Studio Version 16
VisualStudioVersion = 16.0.29409.12
MinimumVisualStudioVersion = 10.0.40219.1
Project("{FAE04EC0-301F-11D3-BF4B-00C04F79EFBC}") = "CheckPassword", "CheckPassword\CheckPassword.csproj", "{AA0C75B7-7025-4FBE-9545-58067001C79E}"
EndProject
Project("{FAE04EC0-301F-11D3-BF4B-00C04F79EFBC}") = "CheckPasswordUnitTests", "CheckPasswordUnitTests\CheckPasswordUnitTests.csproj", "{E1BB79B8-37B8-40C2-B362-9CCFF667D8B4}"
EndProject
Global
	GlobalSection(SolutionConfigurationPlatforms) = preSolution
		Debug|Any CPU = Debug|Any CPU
		Release|Any CPU = Release|Any CPU
	EndGlobalSection
	GlobalSection(ProjectConfigurationPlatforms) = postSolution
		{AA0C75B7-7025-4FBE-9545-58067001C79E}.Debug|Any CPU.ActiveCfg = Debug|Any CPU
		{AA0C75B7-7025-4FBE-9545-58067001C79E}.Debug|Any CPU.Build.0 = Debug|Any CPU
		{AA0C75B7-7025-4FBE-9545-58067001C79E}.Release|Any CPU.ActiveCfg = Release|Any CPU
		{AA0C75B7-7025-4FBE-9545-58067001C79E}.Release|Any CPU.Build.0 = Release|Any CPU
		{E1BB79B8-37B8-40C2-B362-9CCFF667D8B4}.Debug|Any CPU.ActiveCfg = Debug|Any CPU
		{E1BB79B8-37B8-40C2-B362-9CCFF667D8B4}.Debug|Any CPU.Build.0 = Debug|Any CPU
		{E1BB79B8-37B8-40C2-B362-9CCFF667D8B4}.Release|Any CPU.ActiveCfg = Release|Any CPU
		{E1BB79B8-37B8-40C2-B362-9CCFF667D8B4}.Release|Any CPU.Build.0 = Release|Any CPU
	EndGlobalSection
	GlobalSection(SolutionProperties) = preSolution
		HideSolutionNode = FALSE
	EndGlobalSection
	GlobalSection(ExtensibilityGlobals) = postSolution
		SolutionGuid = {910C9E53-7EF3-483C-B1DB-7477CAA015F7}
	EndGlobalSection
EndGlobal
